
Microsoft Visual Studio Solution File, Format Version 12.00
# Visual Studio 14
VisualStudioVersion = 14.0.25420.1
MinimumVisualStudioVersion = 10.0.40219.1
Project("{FAE04EC0-301F-11D3-BF4B-00C04F79EFBC}") = "SAS.v2", "SAS.v2.csproj", "{C78BCEEE-7C04-4B9D-828B-9D3EE62627F2}"
EndProject
Project("{FAE04EC0-301F-11D3-BF4B-00C04F79EFBC}") = "SGTCtrlUsr", "..\ctrlUsr\SGTCtrlUsr\SGTCtrlUsr\SGTCtrlUsr.csproj", "{16A8C7F4-4287-48EA-B7CD-21F100B27184}"
EndProject
Global
	GlobalSection(SolutionConfigurationPlatforms) = preSolution
		Debug|Any CPU = Debug|Any CPU
		Release|Any CPU = Release|Any CPU
	EndGlobalSection
	GlobalSection(ProjectConfigurationPlatforms) = postSolution
		{C78BCEEE-7C04-4B9D-828B-9D3EE62627F2}.Debug|Any CPU.ActiveCfg = Debug|Any CPU
		{C78BCEEE-7C04-4B9D-828B-9D3EE62627F2}.Debug|Any CPU.Build.0 = Debug|Any CPU
		{C78BCEEE-7C04-4B9D-828B-9D3EE62627F2}.Release|Any CPU.ActiveCfg = Release|Any CPU
		{C78BCEEE-7C04-4B9D-828B-9D3EE62627F2}.Release|Any CPU.Build.0 = Release|Any CPU
		{16A8C7F4-4287-48EA-B7CD-21F100B27184}.Debug|Any CPU.ActiveCfg = Debug|Any CPU
		{16A8C7F4-4287-48EA-B7CD-21F100B27184}.Debug|Any CPU.Build.0 = Debug|Any CPU
		{16A8C7F4-4287-48EA-B7CD-21F100B27184}.Release|Any CPU.ActiveCfg = Release|Any CPU
		{16A8C7F4-4287-48EA-B7CD-21F100B27184}.Release|Any CPU.Build.0 = Release|Any CPU
	EndGlobalSection
	GlobalSection(SolutionProperties) = preSolution
		HideSolutionNode = FALSE
	EndGlobalSection
EndGlobal
